{
  "object": {
    "pins": [
      {
        "package": "Alamofire",
        "repositoryURL": "https://github.com/Alamofire/Alamofire.git",
        "state": {
          "branch": null,
          "revision": "f96b619bcb2383b43d898402283924b80e2c4bae",
          "version": "5.4.3"
        }
      },
      {
        "package": "Kingfisher",
        "repositoryURL": "https://github.com/onevcat/Kingfisher.git",
        "state": {
          "branch": null,
          "revision": "44450a8f564d7c0165f736ba2250649ff8d3e556",
          "version": "6.3.0"
        }
      },
      {
        "package": "SwiftHash",
        "repositoryURL": "https://github.com/onmyway133/SwiftHash.git",
        "state": {
          "branch": null,
          "revision": "a900fc3f33c67eb33c9e650651edf6e23a410b3c",
          "version": "2.0.2"
        }
      }
    ]
  },
  "version": 1
}
