// !$*UTF8*$!
{
	archiveVersion = 1;
	classes = {
	};
	objectVersion = 52;
	objects = {

/* Begin PBXBuildFile section */
		ABDC98CA26502DE600144B94 /* AppDelegate.swift in Sources */ = {isa = PBXBuildFile; fileRef = ABDC98C926502DE600144B94 /* AppDelegate.swift */; };
		ABDC98CC26502DE600144B94 /* SceneDelegate.swift in Sources */ = {isa = PBXBuildFile; fileRef = ABDC98CB26502DE600144B94 /* SceneDelegate.swift */; };
		ABDC98CE26502DE600144B94 /* ViewController.swift in Sources */ = {isa = PBXBuildFile; fileRef = ABDC98CD26502DE600144B94 /* ViewController.swift */; };
		ABDC98D126502DE600144B94 /* Main.storyboard in Resources */ = {isa = PBXBuildFile; fileRef = ABDC98CF26502DE600144B94 /* Main.storyboard */; };
		ABDC98D326502DE700144B94 /* Assets.xcassets in Resources */ = {isa = PBXBuildFile; fileRef = ABDC98D226502DE700144B94 /* Assets.xcassets */; };
		ABDC98D626502DE700144B94 /* LaunchScreen.storyboard in Resources */ = {isa = PBXBuildFile; fileRef = ABDC98D426502DE700144B94 /* LaunchScreen.storyboard */; };
		ABDC98E026503F2100144B94 /* BaseTabBarVC.swift in Sources */ = {isa = PBXBuildFile; fileRef = ABDC98DF26503F2100144B94 /* BaseTabBarVC.swift */; };
		ABDC98E52650464500144B94 /* BuscaVC.swift in Sources */ = {isa = PBXBuildFile; fileRef = ABDC98E42650464500144B94 /* BuscaVC.swift */; };
		ABDC98EA2650499A00144B94 /* BuscaCell.swift in Sources */ = {isa = PBXBuildFile; fileRef = ABDC98E92650499A00144B94 /* BuscaCell.swift */; };
		ABDC98F326504A8C00144B94 /* UIView.swift in Sources */ = {isa = PBXBuildFile; fileRef = ABDC98F226504A8C00144B94 /* UIView.swift */; };
		ABDC98F626504B0000144B94 /* UIImageView.swift in Sources */ = {isa = PBXBuildFile; fileRef = ABDC98F526504B0000144B94 /* UIImageView.swift */; };
		ABDC98F926504FDD00144B94 /* UILabel.swift in Sources */ = {isa = PBXBuildFile; fileRef = ABDC98F826504FDD00144B94 /* UILabel.swift */; };
		ABDC98FC2650570D00144B94 /* UIButton.swift in Sources */ = {isa = PBXBuildFile; fileRef = ABDC98FB2650570D00144B94 /* UIButton.swift */; };
		ABDC98FF265057B300144B94 /* UIColor.swift in Sources */ = {isa = PBXBuildFile; fileRef = ABDC98FE265057B300144B94 /* UIColor.swift */; };
		ABDC99032650790700144B94 /* NetworkService.swift in Sources */ = {isa = PBXBuildFile; fileRef = ABDC99022650790700144B94 /* NetworkService.swift */; };
		ABDC99082650793100144B94 /* MarvelApiStructModel.swift in Sources */ = {isa = PBXBuildFile; fileRef = ABDC99072650793100144B94 /* MarvelApiStructModel.swift */; };
		ABDC990D265079A900144B94 /* SwiftHash in Frameworks */ = {isa = PBXBuildFile; productRef = ABDC990C265079A900144B94 /* SwiftHash */; };
		ABDC9911265079F600144B94 /* Alamofire in Frameworks */ = {isa = PBXBuildFile; productRef = ABDC9910265079F600144B94 /* Alamofire */; };
		ABDC991426508C7A00144B94 /* BuscaService.swift in Sources */ = {isa = PBXBuildFile; fileRef = ABDC991326508C7A00144B94 /* BuscaService.swift */; };
/* End PBXBuildFile section */

/* Begin PBXFileReference section */
		ABDC98C626502DE600144B94 /* iMarvel.app */ = {isa = PBXFileReference; explicitFileType = wrapper.application; includeInIndex = 0; path = iMarvel.app; sourceTree = BUILT_PRODUCTS_DIR; };
		ABDC98C926502DE600144B94 /* AppDelegate.swift */ = {isa = PBXFileReference; lastKnownFileType = sourcecode.swift; path = AppDelegate.swift; sourceTree = "<group>"; };
		ABDC98CB26502DE600144B94 /* SceneDelegate.swift */ = {isa = PBXFileReference; lastKnownFileType = sourcecode.swift; path = SceneDelegate.swift; sourceTree = "<group>"; };
		ABDC98CD26502DE600144B94 /* ViewController.swift */ = {isa = PBXFileReference; lastKnownFileType = sourcecode.swift; path = ViewController.swift; sourceTree = "<group>"; };
		ABDC98D026502DE600144B94 /* Base */ = {isa = PBXFileReference; lastKnownFileType = file.storyboard; name = Base; path = Base.lproj/Main.storyboard; sourceTree = "<group>"; };
		ABDC98D226502DE700144B94 /* Assets.xcassets */ = {isa = PBXFileReference; lastKnownFileType = folder.assetcatalog; path = Assets.xcassets; sourceTree = "<group>"; };
		ABDC98D526502DE700144B94 /* Base */ = {isa = PBXFileReference; lastKnownFileType = file.storyboard; name = Base; path = Base.lproj/LaunchScreen.storyboard; sourceTree = "<group>"; };
		ABDC98D726502DE700144B94 /* Info.plist */ = {isa = PBXFileReference; lastKnownFileType = text.plist.xml; path = Info.plist; sourceTree = "<group>"; };
		ABDC98DF26503F2100144B94 /* BaseTabBarVC.swift */ = {isa = PBXFileReference; lastKnownFileType = sourcecode.swift; path = BaseTabBarVC.swift; sourceTree = "<group>"; };
		ABDC98E42650464500144B94 /* BuscaVC.swift */ = {isa = PBXFileReference; lastKnownFileType = sourcecode.swift; path = BuscaVC.swift; sourceTree = "<group>"; };
		ABDC98E92650499A00144B94 /* BuscaCell.swift */ = {isa = PBXFileReference; lastKnownFileType = sourcecode.swift; path = BuscaCell.swift; sourceTree = "<group>"; };
		ABDC98F226504A8C00144B94 /* UIView.swift */ = {isa = PBXFileReference; fileEncoding = 4; lastKnownFileType = sourcecode.swift; path = UIView.swift; sourceTree = "<group>"; };
		ABDC98F526504B0000144B94 /* UIImageView.swift */ = {isa = PBXFileReference; lastKnownFileType = sourcecode.swift; path = UIImageView.swift; sourceTree = "<group>"; };
		ABDC98F826504FDD00144B94 /* UILabel.swift */ = {isa = PBXFileReference; lastKnownFileType = sourcecode.swift; path = UILabel.swift; sourceTree = "<group>"; };
		ABDC98FB2650570D00144B94 /* UIButton.swift */ = {isa = PBXFileReference; lastKnownFileType = sourcecode.swift; path = UIButton.swift; sourceTree = "<group>"; };
		ABDC98FE265057B300144B94 /* UIColor.swift */ = {isa = PBXFileReference; lastKnownFileType = sourcecode.swift; path = UIColor.swift; sourceTree = "<group>"; };
		ABDC99022650790700144B94 /* NetworkService.swift */ = {isa = PBXFileReference; lastKnownFileType = sourcecode.swift; path = NetworkService.swift; sourceTree = "<group>"; };
		ABDC99072650793100144B94 /* MarvelApiStructModel.swift */ = {isa = PBXFileReference; lastKnownFileType = sourcecode.swift; path = MarvelApiStructModel.swift; sourceTree = "<group>"; };
		ABDC991326508C7A00144B94 /* BuscaService.swift */ = {isa = PBXFileReference; lastKnownFileType = sourcecode.swift; path = BuscaService.swift; sourceTree = "<group>"; };
/* End PBXFileReference section */

/* Begin PBXFrameworksBuildPhase section */
		ABDC98C326502DE600144B94 /* Frameworks */ = {
			isa = PBXFrameworksBuildPhase;
			buildActionMask = 2147483647;
			files = (
				ABDC990D265079A900144B94 /* SwiftHash in Frameworks */,
				ABDC9911265079F600144B94 /* Alamofire in Frameworks */,
			);
			runOnlyForDeploymentPostprocessing = 0;
		};
/* End PBXFrameworksBuildPhase section */

/* Begin PBXGroup section */
		ABDC98BD26502DE600144B94 = {
			isa = PBXGroup;
			children = (
				ABDC98C826502DE600144B94 /* iMarvel */,
				ABDC98C726502DE600144B94 /* Products */,
			);
			sourceTree = "<group>";
		};
		ABDC98C726502DE600144B94 /* Products */ = {
			isa = PBXGroup;
			children = (
				ABDC98C626502DE600144B94 /* iMarvel.app */,
			);
			name = Products;
			sourceTree = "<group>";
		};
		ABDC98C826502DE600144B94 /* iMarvel */ = {
			isa = PBXGroup;
			children = (
				ABDC99062650791300144B94 /* Models */,
				ABDC990126506E1400144B94 /* API */,
				ABDC98ED26504A3400144B94 /* Lib */,
				ABDC98E82650498100144B94 /* View */,
				ABDC98DE26503F0100144B94 /* Controller */,
				ABDC98C926502DE600144B94 /* AppDelegate.swift */,
				ABDC98CB26502DE600144B94 /* SceneDelegate.swift */,
				ABDC98CD26502DE600144B94 /* ViewController.swift */,
				ABDC98CF26502DE600144B94 /* Main.storyboard */,
				ABDC98D226502DE700144B94 /* Assets.xcassets */,
				ABDC98D426502DE700144B94 /* LaunchScreen.storyboard */,
				ABDC98D726502DE700144B94 /* Info.plist */,
			);
			path = iMarvel;
			sourceTree = "<group>";
		};
		ABDC98DE26503F0100144B94 /* Controller */ = {
			isa = PBXGroup;
			children = (
				ABDC98E32650461F00144B94 /* Busca */,
				ABDC98DF26503F2100144B94 /* BaseTabBarVC.swift */,
			);
			path = Controller;
			sourceTree = "<group>";
		};
		ABDC98E32650461F00144B94 /* Busca */ = {
			isa = PBXGroup;
			children = (
				ABDC98E42650464500144B94 /* BuscaVC.swift */,
			);
			path = Busca;
			sourceTree = "<group>";
		};
		ABDC98E82650498100144B94 /* View */ = {
			isa = PBXGroup;
			children = (
				ABDC98E92650499A00144B94 /* BuscaCell.swift */,
			);
			path = View;
			sourceTree = "<group>";
		};
		ABDC98ED26504A3400144B94 /* Lib */ = {
			isa = PBXGroup;
			children = (
				ABDC98F226504A8C00144B94 /* UIView.swift */,
				ABDC98F526504B0000144B94 /* UIImageView.swift */,
				ABDC98F826504FDD00144B94 /* UILabel.swift */,
				ABDC98FB2650570D00144B94 /* UIButton.swift */,
				ABDC98FE265057B300144B94 /* UIColor.swift */,
			);
			path = Lib;
			sourceTree = "<group>";
		};
		ABDC990126506E1400144B94 /* API */ = {
			isa = PBXGroup;
			children = (
				ABDC99022650790700144B94 /* NetworkService.swift */,
				ABDC991326508C7A00144B94 /* BuscaService.swift */,
			);
			path = API;
			sourceTree = "<group>";
		};
		ABDC99062650791300144B94 /* Models */ = {
			isa = PBXGroup;
			children = (
				ABDC99072650793100144B94 /* MarvelApiStructModel.swift */,
			);
			path = Models;
			sourceTree = "<group>";
		};
/* End PBXGroup section */

/* Begin PBXNativeTarget section */
		ABDC98C526502DE600144B94 /* iMarvel */ = {
			isa = PBXNativeTarget;
			buildConfigurationList = ABDC98DA26502DE700144B94 /* Build configuration list for PBXNativeTarget "iMarvel" */;
			buildPhases = (
				ABDC98C226502DE600144B94 /* Sources */,
				ABDC98C326502DE600144B94 /* Frameworks */,
				ABDC98C426502DE600144B94 /* Resources */,
			);
			buildRules = (
			);
			dependencies = (
			);
			name = iMarvel;
			packageProductDependencies = (
				ABDC990C265079A900144B94 /* SwiftHash */,
				ABDC9910265079F600144B94 /* Alamofire */,
			);
			productName = iMarvel;
			productReference = ABDC98C626502DE600144B94 /* iMarvel.app */;
			productType = "com.apple.product-type.application";
		};
/* End PBXNativeTarget section */

/* Begin PBXProject section */
		ABDC98BE26502DE600144B94 /* Project object */ = {
			isa = PBXProject;
			attributes = {
				LastSwiftUpdateCheck = 1240;
				LastUpgradeCheck = 1240;
				TargetAttributes = {
					ABDC98C526502DE600144B94 = {
						CreatedOnToolsVersion = 12.4;
					};
				};
			};
			buildConfigurationList = ABDC98C126502DE600144B94 /* Build configuration list for PBXProject "iMarvel" */;
			compatibilityVersion = "Xcode 9.3";
			developmentRegion = en;
			hasScannedForEncodings = 0;
			knownRegions = (
				en,
				Base,
			);
			mainGroup = ABDC98BD26502DE600144B94;
			packageReferences = (
				ABDC990B265079A900144B94 /* XCRemoteSwiftPackageReference "SwiftHash" */,
				ABDC990F265079F600144B94 /* XCRemoteSwiftPackageReference "Alamofire" */,
			);
			productRefGroup = ABDC98C726502DE600144B94 /* Products */;
			projectDirPath = "";
			projectRoot = "";
			targets = (
				ABDC98C526502DE600144B94 /* iMarvel */,
			);
		};
/* End PBXProject section */

/* Begin PBXResourcesBuildPhase section */
		ABDC98C426502DE600144B94 /* Resources */ = {
			isa = PBXResourcesBuildPhase;
			buildActionMask = 2147483647;
			files = (
				ABDC98D626502DE700144B94 /* LaunchScreen.storyboard in Resources */,
				ABDC98D326502DE700144B94 /* Assets.xcassets in Resources */,
				ABDC98D126502DE600144B94 /* Main.storyboard in Resources */,
			);
			runOnlyForDeploymentPostprocessing = 0;
		};
/* End PBXResourcesBuildPhase section */

/* Begin PBXSourcesBuildPhase section */
		ABDC98C226502DE600144B94 /* Sources */ = {
			isa = PBXSourcesBuildPhase;
			buildActionMask = 2147483647;
			files = (
				ABDC98F626504B0000144B94 /* UIImageView.swift in Sources */,
				ABDC98EA2650499A00144B94 /* BuscaCell.swift in Sources */,
				ABDC99082650793100144B94 /* MarvelApiStructModel.swift in Sources */,
				ABDC98CE26502DE600144B94 /* ViewController.swift in Sources */,
				ABDC98E52650464500144B94 /* BuscaVC.swift in Sources */,
				ABDC98F926504FDD00144B94 /* UILabel.swift in Sources */,
				ABDC991426508C7A00144B94 /* BuscaService.swift in Sources */,
				ABDC98FC2650570D00144B94 /* UIButton.swift in Sources */,
				ABDC98F326504A8C00144B94 /* UIView.swift in Sources */,
				ABDC98FF265057B300144B94 /* UIColor.swift in Sources */,
				ABDC98E026503F2100144B94 /* BaseTabBarVC.swift in Sources */,
				ABDC98CA26502DE600144B94 /* AppDelegate.swift in Sources */,
				ABDC99032650790700144B94 /* NetworkService.swift in Sources */,
				ABDC98CC26502DE600144B94 /* SceneDelegate.swift in Sources */,
			);
			runOnlyForDeploymentPostprocessing = 0;
		};
/* End PBXSourcesBuildPhase section */

/* Begin PBXVariantGroup section */
		ABDC98CF26502DE600144B94 /* Main.storyboard */ = {
			isa = PBXVariantGroup;
			children = (
				ABDC98D026502DE600144B94 /* Base */,
			);
			name = Main.storyboard;
			sourceTree = "<group>";
		};
		ABDC98D426502DE700144B94 /* LaunchScreen.storyboard */ = {
			isa = PBXVariantGroup;
			children = (
				ABDC98D526502DE700144B94 /* Base */,
			);
			name = LaunchScreen.storyboard;
			sourceTree = "<group>";
		};
/* End PBXVariantGroup section */

/* Begin XCBuildConfiguration section */
		ABDC98D826502DE700144B94 /* Debug */ = {
			isa = XCBuildConfiguration;
			buildSettings = {
				ALWAYS_SEARCH_USER_PATHS = NO;
				CLANG_ANALYZER_NONNULL = YES;
				CLANG_ANALYZER_NUMBER_OBJECT_CONVERSION = YES_AGGRESSIVE;
				CLANG_CXX_LANGUAGE_STANDARD = "gnu++14";
				CLANG_CXX_LIBRARY = "libc++";
				CLANG_ENABLE_MODULES = YES;
				CLANG_ENABLE_OBJC_ARC = YES;
				CLANG_ENABLE_OBJC_WEAK = YES;
				CLANG_WARN_BLOCK_CAPTURE_AUTORELEASING = YES;
				CLANG_WARN_BOOL_CONVERSION = YES;
				CLANG_WARN_COMMA = YES;
				CLANG_WARN_CONSTANT_CONVERSION = YES;
				CLANG_WARN_DEPRECATED_OBJC_IMPLEMENTATIONS = YES;
				CLANG_WARN_DIRECT_OBJC_ISA_USAGE = YES_ERROR;
				CLANG_WARN_DOCUMENTATION_COMMENTS = YES;
				CLANG_WARN_EMPTY_BODY = YES;
				CLANG_WARN_ENUM_CONVERSION = YES;
				CLANG_WARN_INFINITE_RECURSION = YES;
				CLANG_WARN_INT_CONVERSION = YES;
				CLANG_WARN_NON_LITERAL_NULL_CONVERSION = YES;
				CLANG_WARN_OBJC_IMPLICIT_RETAIN_SELF = YES;
				CLANG_WARN_OBJC_LITERAL_CONVERSION = YES;
				CLANG_WARN_OBJC_ROOT_CLASS = YES_ERROR;
				CLANG_WARN_QUOTED_INCLUDE_IN_FRAMEWORK_HEADER = YES;
				CLANG_WARN_RANGE_LOOP_ANALYSIS = YES;
				CLANG_WARN_STRICT_PROTOTYPES = YES;
				CLANG_WARN_SUSPICIOUS_MOVE = YES;
				CLANG_WARN_UNGUARDED_AVAILABILITY = YES_AGGRESSIVE;
				CLANG_WARN_UNREACHABLE_CODE = YES;
				CLANG_WARN__DUPLICATE_METHOD_MATCH = YES;
				COPY_PHASE_STRIP = NO;
				DEBUG_INFORMATION_FORMAT = dwarf;
				ENABLE_STRICT_OBJC_MSGSEND = YES;
				ENABLE_TESTABILITY = YES;
				GCC_C_LANGUAGE_STANDARD = gnu11;
				GCC_DYNAMIC_NO_PIC = NO;
				GCC_NO_COMMON_BLOCKS = YES;
				GCC_OPTIMIZATION_LEVEL = 0;
				GCC_PREPROCESSOR_DEFINITIONS = (
					"DEBUG=1",
					"$(inherited)",
				);
				GCC_WARN_64_TO_32_BIT_CONVERSION = YES;
				GCC_WARN_ABOUT_RETURN_TYPE = YES_ERROR;
				GCC_WARN_UNDECLARED_SELECTOR = YES;
				GCC_WARN_UNINITIALIZED_AUTOS = YES_AGGRESSIVE;
				GCC_WARN_UNUSED_FUNCTION = YES;
				GCC_WARN_UNUSED_VARIABLE = YES;
				IPHONEOS_DEPLOYMENT_TARGET = 14.4;
				MTL_ENABLE_DEBUG_INFO = INCLUDE_SOURCE;
				MTL_FAST_MATH = YES;
				ONLY_ACTIVE_ARCH = YES;
				SDKROOT = iphoneos;
				SWIFT_ACTIVE_COMPILATION_CONDITIONS = DEBUG;
				SWIFT_OPTIMIZATION_LEVEL = "-Onone";
			};
			name = Debug;
		};
		ABDC98D926502DE700144B94 /* Release */ = {
			isa = XCBuildConfiguration;
			buildSettings = {
				ALWAYS_SEARCH_USER_PATHS = NO;
				CLANG_ANALYZER_NONNULL = YES;
				CLANG_ANALYZER_NUMBER_OBJECT_CONVERSION = YES_AGGRESSIVE;
				CLANG_CXX_LANGUAGE_STANDARD = "gnu++14";
				CLANG_CXX_LIBRARY = "libc++";
				CLANG_ENABLE_MODULES = YES;
				CLANG_ENABLE_OBJC_ARC = YES;
				CLANG_ENABLE_OBJC_WEAK = YES;
				CLANG_WARN_BLOCK_CAPTURE_AUTORELEASING = YES;
				CLANG_WARN_BOOL_CONVERSION = YES;
				CLANG_WARN_COMMA = YES;
				CLANG_WARN_CONSTANT_CONVERSION = YES;
				CLANG_WARN_DEPRECATED_OBJC_IMPLEMENTATIONS = YES;
				CLANG_WARN_DIRECT_OBJC_ISA_USAGE = YES_ERROR;
				CLANG_WARN_DOCUMENTATION_COMMENTS = YES;
				CLANG_WARN_EMPTY_BODY = YES;
				CLANG_WARN_ENUM_CONVERSION = YES;
				CLANG_WARN_INFINITE_RECURSION = YES;
				CLANG_WARN_INT_CONVERSION = YES;
				CLANG_WARN_NON_LITERAL_NULL_CONVERSION = YES;
				CLANG_WARN_OBJC_IMPLICIT_RETAIN_SELF = YES;
				CLANG_WARN_OBJC_LITERAL_CONVERSION = YES;
				CLANG_WARN_OBJC_ROOT_CLASS = YES_ERROR;
				CLANG_WARN_QUOTED_INCLUDE_IN_FRAMEWORK_HEADER = YES;
				CLANG_WARN_RANGE_LOOP_ANALYSIS = YES;
				CLANG_WARN_STRICT_PROTOTYPES = YES;
				CLANG_WARN_SUSPICIOUS_MOVE = YES;
				CLANG_WARN_UNGUARDED_AVAILABILITY = YES_AGGRESSIVE;
				CLANG_WARN_UNREACHABLE_CODE = YES;
				CLANG_WARN__DUPLICATE_METHOD_MATCH = YES;
				COPY_PHASE_STRIP = NO;
				DEBUG_INFORMATION_FORMAT = "dwarf-with-dsym";
				ENABLE_NS_ASSERTIONS = NO;
				ENABLE_STRICT_OBJC_MSGSEND = YES;
				GCC_C_LANGUAGE_STANDARD = gnu11;
				GCC_NO_COMMON_BLOCKS = YES;
				GCC_WARN_64_TO_32_BIT_CONVERSION = YES;
				GCC_WARN_ABOUT_RETURN_TYPE = YES_ERROR;
				GCC_WARN_UNDECLARED_SELECTOR = YES;
				GCC_WARN_UNINITIALIZED_AUTOS = YES_AGGRESSIVE;
				GCC_WARN_UNUSED_FUNCTION = YES;
				GCC_WARN_UNUSED_VARIABLE = YES;
				IPHONEOS_DEPLOYMENT_TARGET = 14.4;
				MTL_ENABLE_DEBUG_INFO = NO;
				MTL_FAST_MATH = YES;
				SDKROOT = iphoneos;
				SWIFT_COMPILATION_MODE = wholemodule;
				SWIFT_OPTIMIZATION_LEVEL = "-O";
				VALIDATE_PRODUCT = YES;
			};
			name = Release;
		};
		ABDC98DB26502DE700144B94 /* Debug */ = {
			isa = XCBuildConfiguration;
			buildSettings = {
				ASSETCATALOG_COMPILER_APPICON_NAME = AppIcon;
				ASSETCATALOG_COMPILER_GLOBAL_ACCENT_COLOR_NAME = AccentColor;
				CODE_SIGN_STYLE = Automatic;
				INFOPLIST_FILE = iMarvel/Info.plist;
				LD_RUNPATH_SEARCH_PATHS = (
					"$(inherited)",
					"@executable_path/Frameworks",
				);
				PRODUCT_BUNDLE_IDENTIFIER = br.com.levyhanunes.iMarvel;
				PRODUCT_NAME = "$(TARGET_NAME)";
				SWIFT_VERSION = 5.0;
				TARGETED_DEVICE_FAMILY = "1,2";
			};
			name = Debug;
		};
		ABDC98DC26502DE700144B94 /* Release */ = {
			isa = XCBuildConfiguration;
			buildSettings = {
				ASSETCATALOG_COMPILER_APPICON_NAME = AppIcon;
				ASSETCATALOG_COMPILER_GLOBAL_ACCENT_COLOR_NAME = AccentColor;
				CODE_SIGN_STYLE = Automatic;
				INFOPLIST_FILE = iMarvel/Info.plist;
				LD_RUNPATH_SEARCH_PATHS = (
					"$(inherited)",
					"@executable_path/Frameworks",
				);
				PRODUCT_BUNDLE_IDENTIFIER = br.com.levyhanunes.iMarvel;
				PRODUCT_NAME = "$(TARGET_NAME)";
				SWIFT_VERSION = 5.0;
				TARGETED_DEVICE_FAMILY = "1,2";
			};
			name = Release;
		};
/* End XCBuildConfiguration section */

/* Begin XCConfigurationList section */
		ABDC98C126502DE600144B94 /* Build configuration list for PBXProject "iMarvel" */ = {
			isa = XCConfigurationList;
			buildConfigurations = (
				ABDC98D826502DE700144B94 /* Debug */,
				ABDC98D926502DE700144B94 /* Release */,
			);
			defaultConfigurationIsVisible = 0;
			defaultConfigurationName = Release;
		};
		ABDC98DA26502DE700144B94 /* Build configuration list for PBXNativeTarget "iMarvel" */ = {
			isa = XCConfigurationList;
			buildConfigurations = (
				ABDC98DB26502DE700144B94 /* Debug */,
				ABDC98DC26502DE700144B94 /* Release */,
			);
			defaultConfigurationIsVisible = 0;
			defaultConfigurationName = Release;
		};
/* End XCConfigurationList section */

/* Begin XCRemoteSwiftPackageReference section */
		ABDC990B265079A900144B94 /* XCRemoteSwiftPackageReference "SwiftHash" */ = {
			isa = XCRemoteSwiftPackageReference;
			repositoryURL = "https://github.com/onmyway133/SwiftHash.git";
			requirement = {
				kind = upToNextMajorVersion;
				minimumVersion = 2.0.2;
			};
		};
		ABDC990F265079F600144B94 /* XCRemoteSwiftPackageReference "Alamofire" */ = {
			isa = XCRemoteSwiftPackageReference;
			repositoryURL = "https://github.com/Alamofire/Alamofire.git";
			requirement = {
				kind = upToNextMajorVersion;
				minimumVersion = 5.4.3;
			};
		};
/* End XCRemoteSwiftPackageReference section */

/* Begin XCSwiftPackageProductDependency section */
		ABDC990C265079A900144B94 /* SwiftHash */ = {
			isa = XCSwiftPackageProductDependency;
			package = ABDC990B265079A900144B94 /* XCRemoteSwiftPackageReference "SwiftHash" */;
			productName = SwiftHash;
		};
		ABDC9910265079F600144B94 /* Alamofire */ = {
			isa = XCSwiftPackageProductDependency;
			package = ABDC990F265079F600144B94 /* XCRemoteSwiftPackageReference "Alamofire" */;
			productName = Alamofire;
		};
/* End XCSwiftPackageProductDependency section */
	};
	rootObject = ABDC98BE26502DE600144B94 /* Project object */;
}
